schema: '2.0'
stages:
  ingest_worldbank:
    cmd: python ingestion/ingest_worldbank.py
    deps:
    - path: ingestion/common.py
      hash: md5
      md5: eff382fa974998a2d998ee5c9dd58439
      size: 3743
    - path: ingestion/ingest_worldbank.py
      hash: md5
      md5: 8867cac2267dfb1c433f338c58f2f9c7
      size: 6132
    outs:
    - path: data/raw/worldbank.csv
      hash: md5
      md5: a55fce662cd533f029b2118b919fced8
      size: 3082354
    - path: data/raw/worldbank_income_group_current.csv
      hash: md5
      md5: e14aaedf660834b20b94c0832ddae172
      size: 12109
  ingest_oecd:
    cmd: python ingestion/ingest_oecd.py
    deps:
    - path: ingestion/common.py
      hash: md5
      md5: eff382fa974998a2d998ee5c9dd58439
      size: 3743
    - path: ingestion/ingest_oecd.py
      hash: md5
      md5: bb205b4596ca101853c700a0b0b4a0d9
      size: 4595
    outs:
    - path: data/raw/oecd.csv
      hash: md5
      md5: e0848779e33ded403c12b5052dac7d5c
      size: 20493
  ingest_eurostat:
    cmd: python ingestion/ingest_eurostat.py
    deps:
    - path: ingestion/common.py
      hash: md5
      md5: eff382fa974998a2d998ee5c9dd58439
      size: 3743
    - path: ingestion/ingest_eurostat.py
      hash: md5
      md5: e55b3115c8a12251b313eeb83f607470
      size: 6646
    outs:
    - path: data/raw/eurostat.csv
      hash: md5
      md5: c5a9e7c6c1bbe2d81530f3151ffc53bd
      size: 42154
  ingest_wid:
    cmd: python ingestion/ingest_wid.py
    deps:
    - path: ingestion/common.py
      hash: md5
      md5: eff382fa974998a2d998ee5c9dd58439
      size: 3743
    - path: ingestion/ingest_wid.py
      hash: md5
      md5: 95873251272d649da90acc5f2b3b2a50
      size: 4461
    outs:
    - path: data/raw/wid.csv
      hash: md5
      md5: 85364d3abbfdc1aac1fa08bfc44aae93
      size: 54
  ingest_gdim:
    cmd: python ingestion/ingest_gdim.py
    deps:
    - path: ingestion/ingest_gdim.py
      hash: md5
      md5: 8f02c3489b337cbf67eebfe1183db498
      size: 4745
    outs:
    - path: data/raw/gdim_mobility.csv
      hash: md5
      md5: 39ed3fe48199e85fb48d0ea851d99bc7
      size: 5103
  merge_sources:
    cmd: python ingestion/merge_sources.py
    deps:
    - path: data/raw/eurostat.csv
      hash: md5
      md5: c5a9e7c6c1bbe2d81530f3151ffc53bd
      size: 42154
    - path: data/raw/oecd.csv
      hash: md5
      md5: e0848779e33ded403c12b5052dac7d5c
      size: 20493
    - path: data/raw/wid.csv
      hash: md5
      md5: 85364d3abbfdc1aac1fa08bfc44aae93
      size: 54
    - path: data/raw/worldbank.csv
      hash: md5
      md5: a55fce662cd533f029b2118b919fced8
      size: 3082354
    - path: data/raw/worldbank_income_group_current.csv
      hash: md5
      md5: e14aaedf660834b20b94c0832ddae172
      size: 12109
    - path: ingestion/merge_sources.py
      hash: md5
      md5: 63759d19c634c80d16ad36192b6df26f
      size: 4769
    outs:
    - path: data/processed/merged_panel.csv
      hash: md5
      md5: f869924dd27be9c0a36ca696e2b95cfd
      size: 1425696
  build_features:
    cmd: python features/build_features.py
    deps:
    - path: data/processed/merged_panel.csv
      hash: md5
      md5: f869924dd27be9c0a36ca696e2b95cfd
      size: 1425696
    - path: features/build_features.py
      hash: md5
      md5: eba560408499db1968bf7d73b3153a40
      size: 6395
    - path: features/schema.py
      hash: md5
      md5: 3b86c3b4979fbfe6bac1c19404ae0395
      size: 2558
    - path: params.yaml
      hash: md5
      md5: e171ad0c1b83673d82394a848844d1e2
      size: 3544
    outs:
    - path: data/artifacts/categorical_mappings.json
      hash: md5
      md5: 4156a79faa0a31b30ec800c038f705f6
      size: 404
    - path: data/artifacts/feature_medians.json
      hash: md5
      md5: e90fd2e1bdd1c792e33d03a7fec8d604
      size: 395
    - path: data/processed/features.csv
      hash: md5
      md5: 3f67ac746813d8161b5ade2898ff7fca
      size: 1676336
  train_gini:
    cmd: python train-api/services/train_gini.py
    deps:
    - path: data/processed/features.csv
      hash: md5
      md5: 3f67ac746813d8161b5ade2898ff7fca
      size: 1676336
    - path: params.yaml
      hash: md5
      md5: e171ad0c1b83673d82394a848844d1e2
      size: 3544
    - path: train-api/services/common.py
      hash: md5
      md5: 7163913d6e3c322bba8ca80b23472987
      size: 6958
    - path: train-api/services/train_gini.py
      hash: md5
      md5: eb66339c2a3494844ceabbcfb6a9f0aa
      size: 2419
    outs:
    - path: data/artifacts/metrics_gini.json
      hash: md5
      md5: fa9f5c65c6f2861d89d5344628a42f1b
      size: 131
    - path: data/artifacts/model_gini.pkl
      hash: md5
      md5: 872d66451f7ab4bcb12a6b9545a7d0bb
      size: 966099
  train_income_group:
    cmd: python train-api/services/train_income_group.py
    deps:
    - path: data/processed/features.csv
      hash: md5
      md5: 3f67ac746813d8161b5ade2898ff7fca
      size: 1676336
    - path: params.yaml
      hash: md5
      md5: e171ad0c1b83673d82394a848844d1e2
      size: 3544
    - path: train-api/services/common.py
      hash: md5
      md5: 7163913d6e3c322bba8ca80b23472987
      size: 6958
    - path: train-api/services/train_income_group.py
      hash: md5
      md5: 7f8bbd1524f3332aacff936068b3ca6a
      size: 3439
    outs:
    - path: data/artifacts/metrics_income_group.json
      hash: md5
      md5: f91930c634bc41212357fcae8ea28f53
      size: 217
    - path: data/artifacts/model_income_group.pkl
      hash: md5
      md5: b3e213c60ef1860807ac546a59f6fd2a
      size: 1352096
  train_mobility:
    cmd: python train-api/services/train_mobility.py
    deps:
    - path: data/processed/features.csv
      hash: md5
      md5: 3f67ac746813d8161b5ade2898ff7fca
      size: 1676336
    - path: params.yaml
      hash: md5
      md5: e171ad0c1b83673d82394a848844d1e2
      size: 3544
    - path: train-api/services/common.py
      hash: md5
      md5: 7163913d6e3c322bba8ca80b23472987
      size: 6958
    - path: train-api/services/train_mobility.py
      hash: md5
      md5: c2ace7b66e59c23424386fe71e7b8db4
      size: 2534
    outs:
    - path: data/artifacts/metrics_mobility.json
      hash: md5
      md5: 7f52c972513d2e19a4fd10eca316cbe5
      size: 137
    - path: data/artifacts/model_mobility.pkl
      hash: md5
      md5: 16059e22a521ea890cdfc5d65fc42145
      size: 8441829
  train_mobility_rank:
    cmd: python train-api/services/train_mobility_rank.py
    deps:
    - path: data/processed/features.csv
      hash: md5
      md5: 3f67ac746813d8161b5ade2898ff7fca
      size: 1676336
    - path: params.yaml
      hash: md5
      md5: e171ad0c1b83673d82394a848844d1e2
      size: 3544
    - path: train-api/services/common.py
      hash: md5
      md5: 7163913d6e3c322bba8ca80b23472987
      size: 6958
    - path: train-api/services/train_mobility_rank.py
      hash: md5
      md5: 46bc8ebfe2b629a1152742fafc0553c5
      size: 2945
    outs:
    - path: data/artifacts/metrics_mobility_rank.json
      hash: md5
      md5: efa748e591fa1db58e2312a20df160f9
      size: 138
    - path: data/artifacts/model_mobility_rank.pkl
      hash: md5
      md5: 32b23919580679ab4c29d4f0e634ea31
      size: 6635238
